
Microsoft Visual Studio Solution File, Format Version 12.00
# Visual Studio Version 16
VisualStudioVersion = 16.0.30002.166
MinimumVisualStudioVersion = 10.0.40219.1
Project("{FAE04EC0-301F-11D3-BF4B-00C04F79EFBC}") = "carShop.Application", "carShop.Application\carShop.Application.csproj", "{F1D8B778-A1FF-4279-AA2B-4C1A511A0DD7}"
EndProject
Project("{FAE04EC0-301F-11D3-BF4B-00C04F79EFBC}") = "carShop.Utilities", "carShop.Utilities\carShop.Utilities.csproj", "{DCB129C4-AB71-40F7-BF38-F31C0601036B}"
EndProject
Project("{FAE04EC0-301F-11D3-BF4B-00C04F79EFBC}") = "carShop.Data", "carShop.Data\carShop.Data.csproj", "{4C6CD0F4-6D35-4555-A854-774BB430D928}"
EndProject
Project("{FAE04EC0-301F-11D3-BF4B-00C04F79EFBC}") = "carShop.ViewModel", "carShop.ViewModel\carShop.ViewModel.csproj", "{512A8E19-C9B3-4E6A-A9B0-A21F09D30337}"
EndProject
Project("{FAE04EC0-301F-11D3-BF4B-00C04F79EFBC}") = "carShop.BackendApi", "carShop.BackendApi\carShop.BackendApi.csproj", "{19D2F97F-4E69-4109-9733-2EDCA8B3916F}"
EndProject
Project("{FAE04EC0-301F-11D3-BF4B-00C04F79EFBC}") = "carShop.WebApp", "carShop.WebApp\carShop.WebApp.csproj", "{C66E5FBE-758D-4D5E-936F-5C074287A248}"
EndProject
Project("{FAE04EC0-301F-11D3-BF4B-00C04F79EFBC}") = "carShop.AdminApp", "carShop.AdminApp\carShop.AdminApp.csproj", "{C6AD074B-C6BF-431D-991F-A13BB8DFAEE0}"
EndProject
Global
	GlobalSection(SolutionConfigurationPlatforms) = preSolution
		Debug|Any CPU = Debug|Any CPU
		Release|Any CPU = Release|Any CPU
	EndGlobalSection
	GlobalSection(ProjectConfigurationPlatforms) = postSolution
		{F1D8B778-A1FF-4279-AA2B-4C1A511A0DD7}.Debug|Any CPU.ActiveCfg = Debug|Any CPU
		{F1D8B778-A1FF-4279-AA2B-4C1A511A0DD7}.Debug|Any CPU.Build.0 = Debug|Any CPU
		{F1D8B778-A1FF-4279-AA2B-4C1A511A0DD7}.Release|Any CPU.ActiveCfg = Release|Any CPU
		{F1D8B778-A1FF-4279-AA2B-4C1A511A0DD7}.Release|Any CPU.Build.0 = Release|Any CPU
		{DCB129C4-AB71-40F7-BF38-F31C0601036B}.Debug|Any CPU.ActiveCfg = Debug|Any CPU
		{DCB129C4-AB71-40F7-BF38-F31C0601036B}.Debug|Any CPU.Build.0 = Debug|Any CPU
		{DCB129C4-AB71-40F7-BF38-F31C0601036B}.Release|Any CPU.ActiveCfg = Release|Any CPU
		{DCB129C4-AB71-40F7-BF38-F31C0601036B}.Release|Any CPU.Build.0 = Release|Any CPU
		{4C6CD0F4-6D35-4555-A854-774BB430D928}.Debug|Any CPU.ActiveCfg = Debug|Any CPU
		{4C6CD0F4-6D35-4555-A854-774BB430D928}.Debug|Any CPU.Build.0 = Debug|Any CPU
		{4C6CD0F4-6D35-4555-A854-774BB430D928}.Release|Any CPU.ActiveCfg = Release|Any CPU
		{4C6CD0F4-6D35-4555-A854-774BB430D928}.Release|Any CPU.Build.0 = Release|Any CPU
		{512A8E19-C9B3-4E6A-A9B0-A21F09D30337}.Debug|Any CPU.ActiveCfg = Debug|Any CPU
		{512A8E19-C9B3-4E6A-A9B0-A21F09D30337}.Debug|Any CPU.Build.0 = Debug|Any CPU
		{512A8E19-C9B3-4E6A-A9B0-A21F09D30337}.Release|Any CPU.ActiveCfg = Release|Any CPU
		{512A8E19-C9B3-4E6A-A9B0-A21F09D30337}.Release|Any CPU.Build.0 = Release|Any CPU
		{19D2F97F-4E69-4109-9733-2EDCA8B3916F}.Debug|Any CPU.ActiveCfg = Debug|Any CPU
		{19D2F97F-4E69-4109-9733-2EDCA8B3916F}.Debug|Any CPU.Build.0 = Debug|Any CPU
		{19D2F97F-4E69-4109-9733-2EDCA8B3916F}.Release|Any CPU.ActiveCfg = Release|Any CPU
		{19D2F97F-4E69-4109-9733-2EDCA8B3916F}.Release|Any CPU.Build.0 = Release|Any CPU
		{C66E5FBE-758D-4D5E-936F-5C074287A248}.Debug|Any CPU.ActiveCfg = Debug|Any CPU
		{C66E5FBE-758D-4D5E-936F-5C074287A248}.Debug|Any CPU.Build.0 = Debug|Any CPU
		{C66E5FBE-758D-4D5E-936F-5C074287A248}.Release|Any CPU.ActiveCfg = Release|Any CPU
		{C66E5FBE-758D-4D5E-936F-5C074287A248}.Release|Any CPU.Build.0 = Release|Any CPU
		{C6AD074B-C6BF-431D-991F-A13BB8DFAEE0}.Debug|Any CPU.ActiveCfg = Debug|Any CPU
		{C6AD074B-C6BF-431D-991F-A13BB8DFAEE0}.Debug|Any CPU.Build.0 = Debug|Any CPU
		{C6AD074B-C6BF-431D-991F-A13BB8DFAEE0}.Release|Any CPU.ActiveCfg = Release|Any CPU
		{C6AD074B-C6BF-431D-991F-A13BB8DFAEE0}.Release|Any CPU.Build.0 = Release|Any CPU
	EndGlobalSection
	GlobalSection(SolutionProperties) = preSolution
		HideSolutionNode = FALSE
	EndGlobalSection
	GlobalSection(ExtensibilityGlobals) = postSolution
		SolutionGuid = {C248DC0F-FE84-4975-9B09-D8B91951E90E}
	EndGlobalSection
EndGlobal
